{
  "name": "pruner-lab",
  "version": "0.1.0-p0",
  "lockfileVersion": 3,
  "requires": true,
  "packages": {
    "": {
      "name": "pruner-lab",
      "version": "0.1.0-p0",
      "dependencies": {
        "fixture-unused-dependency": "file:vendor/fixture-unused-dependency"
      },
      "engines": {
        "node": "24.18.0",
        "npm": "11.16.0"
      }
    },
    "node_modules/fixture-unused-dependency": {
      "resolved": "vendor/fixture-unused-dependency",
      "link": true
    },
    "vendor/fixture-unused-dependency": {
      "version": "1.0.0"
    }
  }
}
